
Microsoft Visual Studio Solution File, Format Version 12.00
# Visual Studio Version 17
VisualStudioVersion = 17.7.34031.279
MinimumVisualStudioVersion = 10.0.40219.1
Project("{FAE04EC0-301F-11D3-BF4B-00C04F79EFBC}") = "102techBot", "102techBot\102techBot.csproj", "{9674410B-4067-4C29-AD13-93DF3B196D4A}"
EndProject
Global
	GlobalSection(SolutionConfigurationPlatforms) = preSolution
		Debug|Any CPU = Debug|Any CPU
		Release|Any CPU = Release|Any CPU
	EndGlobalSection
	GlobalSection(ProjectConfigurationPlatforms) = postSolution
		{9674410B-4067-4C29-AD13-93DF3B196D4A}.Debug|Any CPU.ActiveCfg = Debug|Any CPU
		{9674410B-4067-4C29-AD13-93DF3B196D4A}.Debug|Any CPU.Build.0 = Debug|Any CPU
		{9674410B-4067-4C29-AD13-93DF3B196D4A}.Release|Any CPU.ActiveCfg = Release|Any CPU
		{9674410B-4067-4C29-AD13-93DF3B196D4A}.Release|Any CPU.Build.0 = Release|Any CPU
	EndGlobalSection
	GlobalSection(SolutionProperties) = preSolution
		HideSolutionNode = FALSE
	EndGlobalSection
	GlobalSection(ExtensibilityGlobals) = postSolution
		SolutionGuid = {52F285E6-CA08-42AB-9E23-4BF5D941C2DA}
	EndGlobalSection
EndGlobal
